
Microsoft Visual Studio Solution File, Format Version 12.00
# Visual Studio 15
VisualStudioVersion = 15.0.27428.2043
MinimumVisualStudioVersion = 10.0.40219.1
Project("{FAE04EC0-301F-11D3-BF4B-00C04F79EFBC}") = "AppDomainTest", "AppDomainTest\AppDomainTest.csproj", "{3C15FED4-539F-4EBC-93EE-AE701E3298FB}"
EndProject
Global
	GlobalSection(SolutionConfigurationPlatforms) = preSolution
		Debug|Any CPU = Debug|Any CPU
		Release|Any CPU = Release|Any CPU
	EndGlobalSection
	GlobalSection(ProjectConfigurationPlatforms) = postSolution
		{3C15FED4-539F-4EBC-93EE-AE701E3298FB}.Debug|Any CPU.ActiveCfg = Debug|Any CPU
		{3C15FED4-539F-4EBC-93EE-AE701E3298FB}.Debug|Any CPU.Build.0 = Debug|Any CPU
		{3C15FED4-539F-4EBC-93EE-AE701E3298FB}.Release|Any CPU.ActiveCfg = Release|Any CPU
		{3C15FED4-539F-4EBC-93EE-AE701E3298FB}.Release|Any CPU.Build.0 = Release|Any CPU
	EndGlobalSection
	GlobalSection(SolutionProperties) = preSolution
		HideSolutionNode = FALSE
	EndGlobalSection
	GlobalSection(ExtensibilityGlobals) = postSolution
		SolutionGuid = {E5FB2723-8C56-46ED-9E8A-4E14C58D0309}
	EndGlobalSection
EndGlobal
